
Microsoft Visual Studio Solution File, Format Version 12.00
# Visual Studio 14
VisualStudioVersion = 14.0.25420.1
MinimumVisualStudioVersion = 10.0.40219.1
Project("{FAE04EC0-301F-11D3-BF4B-00C04F79EFBC}") = "GetRicePrice", "GetRicePrice\GetRicePrice.csproj", "{B109C2CC-AFD3-4212-B57C-3A2E944955C7}"
EndProject
Project("{FAE04EC0-301F-11D3-BF4B-00C04F79EFBC}") = "GetFarmProduct", "GetFarmProduct\GetFarmProduct.csproj", "{C8A1024C-5698-4C72-9979-E39C070664C8}"
EndProject
Project("{FAE04EC0-301F-11D3-BF4B-00C04F79EFBC}") = "DailyReport", "DailyReport\DailyReport.csproj", "{2BDF1FF2-990E-4B51-A41B-DA635BD74FCB}"
EndProject
Project("{2150E333-8FDC-42A3-9474-1A3956D46DE8}") = "Solution Items", "Solution Items", "{3E36623E-6CE3-49D3-B936-F92E860BC3EE}"
	ProjectSection(SolutionItems) = preProject
		README.md = README.md
	EndProjectSection
EndProject
Project("{FAE04EC0-301F-11D3-BF4B-00C04F79EFBC}") = "GetLiveStocksProduct", "GetLiveStocksProduct\GetLiveStocksProduct.csproj", "{01F94506-9DF2-49BA-843B-930919E7FAB8}"
EndProject
Project("{FAE04EC0-301F-11D3-BF4B-00C04F79EFBC}") = "DailyReportGUI", "DailyReportGUI\DailyReportGUI.csproj", "{DD92129D-E92C-4B5B-B189-F4A6DCC39E44}"
EndProject
Project("{FAE04EC0-301F-11D3-BF4B-00C04F79EFBC}") = "GetFlowerProduct", "GetFlowerProduct\GetFlowerProduct.csproj", "{4F0AC84F-2723-41A3-A03D-11DEDCC101D3}"
EndProject
Project("{FAE04EC0-301F-11D3-BF4B-00C04F79EFBC}") = "GetLocalPriceMonthly", "GetLocalPriceMonthly\GetLocalPriceMonthly.csproj", "{F94AD68A-B8E2-40EA-A793-0585B363D3E3}"
EndProject
Global
	GlobalSection(SolutionConfigurationPlatforms) = preSolution
		Debug|Any CPU = Debug|Any CPU
		Release|Any CPU = Release|Any CPU
	EndGlobalSection
	GlobalSection(ProjectConfigurationPlatforms) = postSolution
		{B109C2CC-AFD3-4212-B57C-3A2E944955C7}.Debug|Any CPU.ActiveCfg = Debug|Any CPU
		{B109C2CC-AFD3-4212-B57C-3A2E944955C7}.Debug|Any CPU.Build.0 = Debug|Any CPU
		{B109C2CC-AFD3-4212-B57C-3A2E944955C7}.Release|Any CPU.ActiveCfg = Release|Any CPU
		{B109C2CC-AFD3-4212-B57C-3A2E944955C7}.Release|Any CPU.Build.0 = Release|Any CPU
		{C8A1024C-5698-4C72-9979-E39C070664C8}.Debug|Any CPU.ActiveCfg = Debug|Any CPU
		{C8A1024C-5698-4C72-9979-E39C070664C8}.Debug|Any CPU.Build.0 = Debug|Any CPU
		{C8A1024C-5698-4C72-9979-E39C070664C8}.Release|Any CPU.ActiveCfg = Release|Any CPU
		{C8A1024C-5698-4C72-9979-E39C070664C8}.Release|Any CPU.Build.0 = Release|Any CPU
		{2BDF1FF2-990E-4B51-A41B-DA635BD74FCB}.Debug|Any CPU.ActiveCfg = Debug|Any CPU
		{2BDF1FF2-990E-4B51-A41B-DA635BD74FCB}.Debug|Any CPU.Build.0 = Debug|Any CPU
		{2BDF1FF2-990E-4B51-A41B-DA635BD74FCB}.Release|Any CPU.ActiveCfg = Release|Any CPU
		{2BDF1FF2-990E-4B51-A41B-DA635BD74FCB}.Release|Any CPU.Build.0 = Release|Any CPU
		{01F94506-9DF2-49BA-843B-930919E7FAB8}.Debug|Any CPU.ActiveCfg = Debug|Any CPU
		{01F94506-9DF2-49BA-843B-930919E7FAB8}.Debug|Any CPU.Build.0 = Debug|Any CPU
		{01F94506-9DF2-49BA-843B-930919E7FAB8}.Release|Any CPU.ActiveCfg = Release|Any CPU
		{01F94506-9DF2-49BA-843B-930919E7FAB8}.Release|Any CPU.Build.0 = Release|Any CPU
		{DD92129D-E92C-4B5B-B189-F4A6DCC39E44}.Debug|Any CPU.ActiveCfg = Debug|Any CPU
		{DD92129D-E92C-4B5B-B189-F4A6DCC39E44}.Debug|Any CPU.Build.0 = Debug|Any CPU
		{DD92129D-E92C-4B5B-B189-F4A6DCC39E44}.Release|Any CPU.ActiveCfg = Release|Any CPU
		{DD92129D-E92C-4B5B-B189-F4A6DCC39E44}.Release|Any CPU.Build.0 = Release|Any CPU
		{4F0AC84F-2723-41A3-A03D-11DEDCC101D3}.Debug|Any CPU.ActiveCfg = Debug|Any CPU
		{4F0AC84F-2723-41A3-A03D-11DEDCC101D3}.Debug|Any CPU.Build.0 = Debug|Any CPU
		{4F0AC84F-2723-41A3-A03D-11DEDCC101D3}.Release|Any CPU.ActiveCfg = Release|Any CPU
		{4F0AC84F-2723-41A3-A03D-11DEDCC101D3}.Release|Any CPU.Build.0 = Release|Any CPU
		{F94AD68A-B8E2-40EA-A793-0585B363D3E3}.Debug|Any CPU.ActiveCfg = Debug|Any CPU
		{F94AD68A-B8E2-40EA-A793-0585B363D3E3}.Debug|Any CPU.Build.0 = Debug|Any CPU
		{F94AD68A-B8E2-40EA-A793-0585B363D3E3}.Release|Any CPU.ActiveCfg = Release|Any CPU
		{F94AD68A-B8E2-40EA-A793-0585B363D3E3}.Release|Any CPU.Build.0 = Release|Any CPU
	EndGlobalSection
	GlobalSection(SolutionProperties) = preSolution
		HideSolutionNode = FALSE
	EndGlobalSection
EndGlobal
